
Microsoft Visual Studio Solution File, Format Version 12.00
# Visual Studio Version 17
VisualStudioVersion = 17.13.35931.197 d17.13
MinimumVisualStudioVersion = 10.0.40219.1
Project("{FAE04EC0-301F-11D3-BF4B-00C04F79EFBC}") = "Ogrenci_Not_Giris", "Ogrenci_Not_Giris\Ogrenci_Not_Giris.csproj", "{630D0A64-9E43-4D37-B373-4B485F4E29C7}"
EndProject
Global
	GlobalSection(SolutionConfigurationPlatforms) = preSolution
		Debug|Any CPU = Debug|Any CPU
		Release|Any CPU = Release|Any CPU
	EndGlobalSection
	GlobalSection(ProjectConfigurationPlatforms) = postSolution
		{630D0A64-9E43-4D37-B373-4B485F4E29C7}.Debug|Any CPU.ActiveCfg = Debug|Any CPU
		{630D0A64-9E43-4D37-B373-4B485F4E29C7}.Debug|Any CPU.Build.0 = Debug|Any CPU
		{630D0A64-9E43-4D37-B373-4B485F4E29C7}.Release|Any CPU.ActiveCfg = Release|Any CPU
		{630D0A64-9E43-4D37-B373-4B485F4E29C7}.Release|Any CPU.Build.0 = Release|Any CPU
	EndGlobalSection
	GlobalSection(SolutionProperties) = preSolution
		HideSolutionNode = FALSE
	EndGlobalSection
	GlobalSection(ExtensibilityGlobals) = postSolution
		SolutionGuid = {09803C18-C175-4FB2-A2E0-C67210171352}
	EndGlobalSection
EndGlobal
